
Microsoft Visual Studio Solution File, Format Version 12.00
# Visual Studio 14
VisualStudioVersion = 14.0.23107.0
MinimumVisualStudioVersion = 10.0.40219.1
Project("{FAE04EC0-301F-11D3-BF4B-00C04F79EFBC}") = "WSClientWin_sample", "WSClientWin_sample.csproj", "{386EA604-40DB-44A8-87AE-F29B209BA9CF}"
	ProjectSection(ProjectDependencies) = postProject
		{CF10219E-032C-4669-B9A1-D19F1C5A26E2} = {CF10219E-032C-4669-B9A1-D19F1C5A26E2}
	EndProjectSection
EndProject
Project("{E24C65DC-7377-472B-9ABA-BC803B73C61A}") = "ASPNETWebService", "..\..\..\..\Frameworks\Infrastructure\ServiceInterface\ASPNETWebService\", "{CF10219E-032C-4669-B9A1-D19F1C5A26E2}"
	ProjectSection(WebsiteProperties) = preProject
		TargetFrameworkMoniker = ".NETFramework,Version%3Dv4.6"
		Debug.AspNetCompiler.VirtualPath = "/ASPNETWebService"
		Debug.AspNetCompiler.PhysicalPath = "..\..\..\..\Frameworks\Infrastructure\ServiceInterface\ASPNETWebService\"
		Debug.AspNetCompiler.TargetPath = "PrecompiledWeb\ASPNETWebService\"
		Debug.AspNetCompiler.Updateable = "true"
		Debug.AspNetCompiler.ForceOverwrite = "true"
		Debug.AspNetCompiler.FixedNames = "false"
		Debug.AspNetCompiler.Debug = "True"
		Release.AspNetCompiler.VirtualPath = "/ASPNETWebService"
		Release.AspNetCompiler.PhysicalPath = "..\..\..\..\Frameworks\Infrastructure\ServiceInterface\ASPNETWebService\"
		Release.AspNetCompiler.TargetPath = "PrecompiledWeb\ASPNETWebService\"
		Release.AspNetCompiler.Updateable = "true"
		Release.AspNetCompiler.ForceOverwrite = "true"
		Release.AspNetCompiler.FixedNames = "false"
		Release.AspNetCompiler.Debug = "False"
		VWDPort = "8888"
		VWDDynamicPort = "false"
		SlnRelativePath = "..\..\..\..\Frameworks\Infrastructure\ServiceInterface\ASPNETWebService\"
	EndProjectSection
EndProject
Global
	GlobalSection(SolutionConfigurationPlatforms) = preSolution
		Debug|.NET = Debug|.NET
		Debug|Any CPU = Debug|Any CPU
		Debug|Mixed Platforms = Debug|Mixed Platforms
		Release|.NET = Release|.NET
		Release|Any CPU = Release|Any CPU
		Release|Mixed Platforms = Release|Mixed Platforms
	EndGlobalSection
	GlobalSection(ProjectConfigurationPlatforms) = postSolution
		{386EA604-40DB-44A8-87AE-F29B209BA9CF}.Debug|.NET.ActiveCfg = Debug|Any CPU
		{386EA604-40DB-44A8-87AE-F29B209BA9CF}.Debug|Any CPU.ActiveCfg = Debug|Any CPU
		{386EA604-40DB-44A8-87AE-F29B209BA9CF}.Debug|Any CPU.Build.0 = Debug|Any CPU
		{386EA604-40DB-44A8-87AE-F29B209BA9CF}.Debug|Mixed Platforms.ActiveCfg = Debug|Any CPU
		{386EA604-40DB-44A8-87AE-F29B209BA9CF}.Debug|Mixed Platforms.Build.0 = Debug|Any CPU
		{386EA604-40DB-44A8-87AE-F29B209BA9CF}.Release|.NET.ActiveCfg = Release|Any CPU
		{386EA604-40DB-44A8-87AE-F29B209BA9CF}.Release|Any CPU.ActiveCfg = Release|Any CPU
		{386EA604-40DB-44A8-87AE-F29B209BA9CF}.Release|Any CPU.Build.0 = Release|Any CPU
		{386EA604-40DB-44A8-87AE-F29B209BA9CF}.Release|Mixed Platforms.ActiveCfg = Release|Any CPU
		{386EA604-40DB-44A8-87AE-F29B209BA9CF}.Release|Mixed Platforms.Build.0 = Release|Any CPU
		{CF10219E-032C-4669-B9A1-D19F1C5A26E2}.Debug|.NET.ActiveCfg = Debug|Any CPU
		{CF10219E-032C-4669-B9A1-D19F1C5A26E2}.Debug|Any CPU.ActiveCfg = Debug|Any CPU
		{CF10219E-032C-4669-B9A1-D19F1C5A26E2}.Debug|Any CPU.Build.0 = Debug|Any CPU
		{CF10219E-032C-4669-B9A1-D19F1C5A26E2}.Debug|Mixed Platforms.ActiveCfg = Debug|Any CPU
		{CF10219E-032C-4669-B9A1-D19F1C5A26E2}.Debug|Mixed Platforms.Build.0 = Debug|Any CPU
		{CF10219E-032C-4669-B9A1-D19F1C5A26E2}.Release|.NET.ActiveCfg = Debug|Any CPU
		{CF10219E-032C-4669-B9A1-D19F1C5A26E2}.Release|Any CPU.ActiveCfg = Debug|Any CPU
		{CF10219E-032C-4669-B9A1-D19F1C5A26E2}.Release|Any CPU.Build.0 = Debug|Any CPU
		{CF10219E-032C-4669-B9A1-D19F1C5A26E2}.Release|Mixed Platforms.ActiveCfg = Debug|Any CPU
		{CF10219E-032C-4669-B9A1-D19F1C5A26E2}.Release|Mixed Platforms.Build.0 = Debug|Any CPU
	EndGlobalSection
	GlobalSection(SolutionProperties) = preSolution
		HideSolutionNode = FALSE
	EndGlobalSection
	GlobalSection(DPCodeReviewSolutionGUID) = preSolution
		DPCodeReviewSolutionGUID = {00000000-0000-0000-0000-000000000000}
	EndGlobalSection
EndGlobal
