
Microsoft Visual Studio Solution File, Format Version 12.00
# Visual Studio Version 17
VisualStudioVersion = 17.0.32126.317
MinimumVisualStudioVersion = 10.0.40219.1
Project("{9A19103F-16F7-4668-BE54-9A1E7A4F7556}") = "DAG_Login_CLI", "DAG_Login_CLI\DAG_Login_CLI.csproj", "{1139D8A8-1DC3-4DF0-AAF1-C5DEECD511CA}"
EndProject
Global
	GlobalSection(SolutionConfigurationPlatforms) = preSolution
		Debug|Any CPU = Debug|Any CPU
		Release|Any CPU = Release|Any CPU
	EndGlobalSection
	GlobalSection(ProjectConfigurationPlatforms) = postSolution
		{1139D8A8-1DC3-4DF0-AAF1-C5DEECD511CA}.Debug|Any CPU.ActiveCfg = Debug|Any CPU
		{1139D8A8-1DC3-4DF0-AAF1-C5DEECD511CA}.Debug|Any CPU.Build.0 = Debug|Any CPU
		{1139D8A8-1DC3-4DF0-AAF1-C5DEECD511CA}.Release|Any CPU.ActiveCfg = Release|Any CPU
		{1139D8A8-1DC3-4DF0-AAF1-C5DEECD511CA}.Release|Any CPU.Build.0 = Release|Any CPU
	EndGlobalSection
	GlobalSection(SolutionProperties) = preSolution
		HideSolutionNode = FALSE
	EndGlobalSection
	GlobalSection(ExtensibilityGlobals) = postSolution
		SolutionGuid = {BB325D9D-3010-4CAD-AB0D-9079A9471EF5}
	EndGlobalSection
EndGlobal
