
Microsoft Visual Studio Solution File, Format Version 12.00
# Visual Studio Version 18
VisualStudioVersion = 18.1.11312.151 d18.0
MinimumVisualStudioVersion = 10.0.40219.1
Project("{F184B08F-C81C-45F6-A57F-5ABD9991F28F}") = "MVC_Sample", "MVC_Sample\MVC_Sample.vbproj", "{A71DCE14-B551-44F4-BA4B-B12F41D01EC4}"
EndProject
Global
	GlobalSection(SolutionConfigurationPlatforms) = preSolution
		Debug|Any CPU = Debug|Any CPU
		Release|Any CPU = Release|Any CPU
	EndGlobalSection
	GlobalSection(ProjectConfigurationPlatforms) = postSolution
		{A71DCE14-B551-44F4-BA4B-B12F41D01EC4}.Debug|Any CPU.ActiveCfg = Debug|Any CPU
		{A71DCE14-B551-44F4-BA4B-B12F41D01EC4}.Debug|Any CPU.Build.0 = Debug|Any CPU
		{A71DCE14-B551-44F4-BA4B-B12F41D01EC4}.Release|Any CPU.ActiveCfg = Release|Any CPU
		{A71DCE14-B551-44F4-BA4B-B12F41D01EC4}.Release|Any CPU.Build.0 = Release|Any CPU
	EndGlobalSection
	GlobalSection(SolutionProperties) = preSolution
		HideSolutionNode = FALSE
	EndGlobalSection
	GlobalSection(ExtensibilityGlobals) = postSolution
		SolutionGuid = {4FDC69AA-0E6B-4563-882D-9E650CA02026}
	EndGlobalSection
EndGlobal
