
Microsoft Visual Studio Solution File, Format Version 12.00
# Visual Studio 14
VisualStudioVersion = 14.0.23107.0
MinimumVisualStudioVersion = 10.0.40219.1
Project("{F184B08F-C81C-45F6-A57F-5ABD9991F28F}") = "WebForms_Sample", "WebForms_Sample\WebForms_Sample.vbproj", "{758EB140-49AB-4FD1-9A6C-CCC68CC0C56B}"
EndProject
Global
	GlobalSection(SolutionConfigurationPlatforms) = preSolution
		Debug|Any CPU = Debug|Any CPU
		Release|Any CPU = Release|Any CPU
	EndGlobalSection
	GlobalSection(ProjectConfigurationPlatforms) = postSolution
		{758EB140-49AB-4FD1-9A6C-CCC68CC0C56B}.Debug|Any CPU.ActiveCfg = Debug|Any CPU
		{758EB140-49AB-4FD1-9A6C-CCC68CC0C56B}.Debug|Any CPU.Build.0 = Debug|Any CPU
		{758EB140-49AB-4FD1-9A6C-CCC68CC0C56B}.Release|Any CPU.ActiveCfg = Release|Any CPU
		{758EB140-49AB-4FD1-9A6C-CCC68CC0C56B}.Release|Any CPU.Build.0 = Release|Any CPU
	EndGlobalSection
	GlobalSection(SolutionProperties) = preSolution
		HideSolutionNode = FALSE
	EndGlobalSection
EndGlobal
