
Microsoft Visual Studio Solution File, Format Version 12.00
# Visual Studio 2012
Project("{FAE04EC0-301F-11D3-BF4B-00C04F79EFBC}") = "WinStoreBusiness", "WinStoreBusiness\WinStoreBusiness.csproj", "{19B5FDA7-E80F-4B57-9597-457F8CF63CD8}"
EndProject
Project("{FAE04EC0-301F-11D3-BF4B-00C04F79EFBC}") = "WinStorePublic", "WinStorePublic\WinStorePublic.csproj", "{D07C0124-01C0-4761-9D1E-109312F7C3B7}"
EndProject
Project("{F184B08F-C81C-45F6-A57F-5ABD9991F28F}") = "WinStoreFramework", "WinStoreFramework\WinStoreFramework.vbproj", "{D6A65C8B-90DF-450B-80AB-A37958C29170}"
EndProject
Global
	GlobalSection(SolutionConfigurationPlatforms) = preSolution
		Debug|Any CPU = Debug|Any CPU
		Debug|ARM = Debug|ARM
		Debug|x64 = Debug|x64
		Debug|x86 = Debug|x86
		Release|Any CPU = Release|Any CPU
		Release|ARM = Release|ARM
		Release|x64 = Release|x64
		Release|x86 = Release|x86
	EndGlobalSection
	GlobalSection(ProjectConfigurationPlatforms) = postSolution
		{19B5FDA7-E80F-4B57-9597-457F8CF63CD8}.Debug|Any CPU.ActiveCfg = Debug|Any CPU
		{19B5FDA7-E80F-4B57-9597-457F8CF63CD8}.Debug|Any CPU.Build.0 = Debug|Any CPU
		{19B5FDA7-E80F-4B57-9597-457F8CF63CD8}.Debug|ARM.ActiveCfg = Debug|ARM
		{19B5FDA7-E80F-4B57-9597-457F8CF63CD8}.Debug|ARM.Build.0 = Debug|ARM
		{19B5FDA7-E80F-4B57-9597-457F8CF63CD8}.Debug|x64.ActiveCfg = Debug|x64
		{19B5FDA7-E80F-4B57-9597-457F8CF63CD8}.Debug|x64.Build.0 = Debug|x64
		{19B5FDA7-E80F-4B57-9597-457F8CF63CD8}.Debug|x86.ActiveCfg = Debug|x86
		{19B5FDA7-E80F-4B57-9597-457F8CF63CD8}.Debug|x86.Build.0 = Debug|x86
		{19B5FDA7-E80F-4B57-9597-457F8CF63CD8}.Release|Any CPU.ActiveCfg = Release|Any CPU
		{19B5FDA7-E80F-4B57-9597-457F8CF63CD8}.Release|Any CPU.Build.0 = Release|Any CPU
		{19B5FDA7-E80F-4B57-9597-457F8CF63CD8}.Release|ARM.ActiveCfg = Release|ARM
		{19B5FDA7-E80F-4B57-9597-457F8CF63CD8}.Release|ARM.Build.0 = Release|ARM
		{19B5FDA7-E80F-4B57-9597-457F8CF63CD8}.Release|x64.ActiveCfg = Release|x64
		{19B5FDA7-E80F-4B57-9597-457F8CF63CD8}.Release|x64.Build.0 = Release|x64
		{19B5FDA7-E80F-4B57-9597-457F8CF63CD8}.Release|x86.ActiveCfg = Release|x86
		{19B5FDA7-E80F-4B57-9597-457F8CF63CD8}.Release|x86.Build.0 = Release|x86
		{D07C0124-01C0-4761-9D1E-109312F7C3B7}.Debug|Any CPU.ActiveCfg = Debug|Any CPU
		{D07C0124-01C0-4761-9D1E-109312F7C3B7}.Debug|Any CPU.Build.0 = Debug|Any CPU
		{D07C0124-01C0-4761-9D1E-109312F7C3B7}.Debug|ARM.ActiveCfg = Debug|ARM
		{D07C0124-01C0-4761-9D1E-109312F7C3B7}.Debug|ARM.Build.0 = Debug|ARM
		{D07C0124-01C0-4761-9D1E-109312F7C3B7}.Debug|x64.ActiveCfg = Debug|x64
		{D07C0124-01C0-4761-9D1E-109312F7C3B7}.Debug|x64.Build.0 = Debug|x64
		{D07C0124-01C0-4761-9D1E-109312F7C3B7}.Debug|x86.ActiveCfg = Debug|x86
		{D07C0124-01C0-4761-9D1E-109312F7C3B7}.Debug|x86.Build.0 = Debug|x86
		{D07C0124-01C0-4761-9D1E-109312F7C3B7}.Release|Any CPU.ActiveCfg = Release|Any CPU
		{D07C0124-01C0-4761-9D1E-109312F7C3B7}.Release|Any CPU.Build.0 = Release|Any CPU
		{D07C0124-01C0-4761-9D1E-109312F7C3B7}.Release|ARM.ActiveCfg = Release|ARM
		{D07C0124-01C0-4761-9D1E-109312F7C3B7}.Release|ARM.Build.0 = Release|ARM
		{D07C0124-01C0-4761-9D1E-109312F7C3B7}.Release|x64.ActiveCfg = Release|x64
		{D07C0124-01C0-4761-9D1E-109312F7C3B7}.Release|x64.Build.0 = Release|x64
		{D07C0124-01C0-4761-9D1E-109312F7C3B7}.Release|x86.ActiveCfg = Release|x86
		{D07C0124-01C0-4761-9D1E-109312F7C3B7}.Release|x86.Build.0 = Release|x86
		{D6A65C8B-90DF-450B-80AB-A37958C29170}.Debug|Any CPU.ActiveCfg = Debug|Any CPU
		{D6A65C8B-90DF-450B-80AB-A37958C29170}.Debug|Any CPU.Build.0 = Debug|Any CPU
		{D6A65C8B-90DF-450B-80AB-A37958C29170}.Debug|ARM.ActiveCfg = Debug|ARM
		{D6A65C8B-90DF-450B-80AB-A37958C29170}.Debug|ARM.Build.0 = Debug|ARM
		{D6A65C8B-90DF-450B-80AB-A37958C29170}.Debug|x64.ActiveCfg = Debug|x64
		{D6A65C8B-90DF-450B-80AB-A37958C29170}.Debug|x64.Build.0 = Debug|x64
		{D6A65C8B-90DF-450B-80AB-A37958C29170}.Debug|x86.ActiveCfg = Debug|x86
		{D6A65C8B-90DF-450B-80AB-A37958C29170}.Debug|x86.Build.0 = Debug|x86
		{D6A65C8B-90DF-450B-80AB-A37958C29170}.Release|Any CPU.ActiveCfg = Release|Any CPU
		{D6A65C8B-90DF-450B-80AB-A37958C29170}.Release|Any CPU.Build.0 = Release|Any CPU
		{D6A65C8B-90DF-450B-80AB-A37958C29170}.Release|ARM.ActiveCfg = Release|ARM
		{D6A65C8B-90DF-450B-80AB-A37958C29170}.Release|ARM.Build.0 = Release|ARM
		{D6A65C8B-90DF-450B-80AB-A37958C29170}.Release|x64.ActiveCfg = Release|x64
		{D6A65C8B-90DF-450B-80AB-A37958C29170}.Release|x64.Build.0 = Release|x64
		{D6A65C8B-90DF-450B-80AB-A37958C29170}.Release|x86.ActiveCfg = Release|x86
		{D6A65C8B-90DF-450B-80AB-A37958C29170}.Release|x86.Build.0 = Release|x86
	EndGlobalSection
	GlobalSection(SolutionProperties) = preSolution
		HideSolutionNode = FALSE
	EndGlobalSection
EndGlobal
