
Microsoft Visual Studio Solution File, Format Version 12.00
# Visual Studio 15
VisualStudioVersion = 15.0.27428.2015
MinimumVisualStudioVersion = 10.0.40219.1
Project("{9A19103F-16F7-4668-BE54-9A1E7A4F7556}") = "Public_netstd20", "Public\Public_netstd20.csproj", "{603EB991-F629-4207-A45C-A7979F0B27F8}"
EndProject
Project("{9A19103F-16F7-4668-BE54-9A1E7A4F7556}") = "DamMySQL_netstd20", "Public\Db\DamMySQL\DamMySQL_netstd20.csproj", "{05EF27AA-8459-424F-97F5-74F77AED6C7D}"
EndProject
Project("{9A19103F-16F7-4668-BE54-9A1E7A4F7556}") = "DamPstGrS_netstd20", "Public\Db\DamPstGrS\DamPstGrS_netstd20.csproj", "{BD9107C1-CCE0-4AF5-8B02-20210F6F594B}"
EndProject
Project("{9A19103F-16F7-4668-BE54-9A1E7A4F7556}") = "Framework_netstd20", "Framework\Framework_netstd20.csproj", "{7500D33E-1FB1-4F81-B2A0-054AE089DC75}"
EndProject
Project("{9A19103F-16F7-4668-BE54-9A1E7A4F7556}") = "Business_netcore20", "Business\Business_netcore20.csproj", "{87C03805-26A4-452B-97C7-2C8598722DDE}"
EndProject
Global
	GlobalSection(SolutionConfigurationPlatforms) = preSolution
		Debug|Any CPU = Debug|Any CPU
		Release|Any CPU = Release|Any CPU
	EndGlobalSection
	GlobalSection(ProjectConfigurationPlatforms) = postSolution
		{603EB991-F629-4207-A45C-A7979F0B27F8}.Debug|Any CPU.ActiveCfg = Debug|Any CPU
		{603EB991-F629-4207-A45C-A7979F0B27F8}.Debug|Any CPU.Build.0 = Debug|Any CPU
		{603EB991-F629-4207-A45C-A7979F0B27F8}.Release|Any CPU.ActiveCfg = Release|Any CPU
		{603EB991-F629-4207-A45C-A7979F0B27F8}.Release|Any CPU.Build.0 = Release|Any CPU
		{05EF27AA-8459-424F-97F5-74F77AED6C7D}.Debug|Any CPU.ActiveCfg = Debug|Any CPU
		{05EF27AA-8459-424F-97F5-74F77AED6C7D}.Debug|Any CPU.Build.0 = Debug|Any CPU
		{05EF27AA-8459-424F-97F5-74F77AED6C7D}.Release|Any CPU.ActiveCfg = Release|Any CPU
		{05EF27AA-8459-424F-97F5-74F77AED6C7D}.Release|Any CPU.Build.0 = Release|Any CPU
		{BD9107C1-CCE0-4AF5-8B02-20210F6F594B}.Debug|Any CPU.ActiveCfg = Debug|Any CPU
		{BD9107C1-CCE0-4AF5-8B02-20210F6F594B}.Debug|Any CPU.Build.0 = Debug|Any CPU
		{BD9107C1-CCE0-4AF5-8B02-20210F6F594B}.Release|Any CPU.ActiveCfg = Release|Any CPU
		{BD9107C1-CCE0-4AF5-8B02-20210F6F594B}.Release|Any CPU.Build.0 = Release|Any CPU
		{7500D33E-1FB1-4F81-B2A0-054AE089DC75}.Debug|Any CPU.ActiveCfg = Debug|Any CPU
		{7500D33E-1FB1-4F81-B2A0-054AE089DC75}.Debug|Any CPU.Build.0 = Debug|Any CPU
		{7500D33E-1FB1-4F81-B2A0-054AE089DC75}.Release|Any CPU.ActiveCfg = Release|Any CPU
		{7500D33E-1FB1-4F81-B2A0-054AE089DC75}.Release|Any CPU.Build.0 = Release|Any CPU
		{87C03805-26A4-452B-97C7-2C8598722DDE}.Debug|Any CPU.ActiveCfg = Debug|Any CPU
		{87C03805-26A4-452B-97C7-2C8598722DDE}.Debug|Any CPU.Build.0 = Debug|Any CPU
		{87C03805-26A4-452B-97C7-2C8598722DDE}.Release|Any CPU.ActiveCfg = Release|Any CPU
		{87C03805-26A4-452B-97C7-2C8598722DDE}.Release|Any CPU.Build.0 = Release|Any CPU
	EndGlobalSection
	GlobalSection(SolutionProperties) = preSolution
		HideSolutionNode = FALSE
	EndGlobalSection
	GlobalSection(ExtensibilityGlobals) = postSolution
		SolutionGuid = {2FF75561-B8E7-4F22-A5F7-E967511FD51B}
	EndGlobalSection
EndGlobal
