
Microsoft Visual Studio Solution File, Format Version 12.00
# Visual Studio Version 17
VisualStudioVersion = 17.13.35931.197 d17.13
MinimumVisualStudioVersion = 10.0.40219.1
Project("{FAE04EC0-301F-11D3-BF4B-00C04F79EFBC}") = "Business.RichClient_net48", "Business\RichClient\Business.RichClient_net48.csproj", "{46E0BD62-9451-431C-A75F-EE7B8CC5D6D9}"
EndProject
Project("{FAE04EC0-301F-11D3-BF4B-00C04F79EFBC}") = "CustomControl.RichClient_net48", "CustomControl\RichClient\CustomControl.RichClient_net48.csproj", "{85861BE7-A77E-46BE-9FFE-330654571C32}"
EndProject
Global
	GlobalSection(SolutionConfigurationPlatforms) = preSolution
		Debug|Any CPU = Debug|Any CPU
		Release|Any CPU = Release|Any CPU
	EndGlobalSection
	GlobalSection(ProjectConfigurationPlatforms) = postSolution
		{46E0BD62-9451-431C-A75F-EE7B8CC5D6D9}.Debug|Any CPU.ActiveCfg = Debug|Any CPU
		{46E0BD62-9451-431C-A75F-EE7B8CC5D6D9}.Debug|Any CPU.Build.0 = Debug|Any CPU
		{46E0BD62-9451-431C-A75F-EE7B8CC5D6D9}.Release|Any CPU.ActiveCfg = Release|Any CPU
		{46E0BD62-9451-431C-A75F-EE7B8CC5D6D9}.Release|Any CPU.Build.0 = Release|Any CPU
		{85861BE7-A77E-46BE-9FFE-330654571C32}.Debug|Any CPU.ActiveCfg = Debug|Any CPU
		{85861BE7-A77E-46BE-9FFE-330654571C32}.Debug|Any CPU.Build.0 = Debug|Any CPU
		{85861BE7-A77E-46BE-9FFE-330654571C32}.Release|Any CPU.ActiveCfg = Release|Any CPU
		{85861BE7-A77E-46BE-9FFE-330654571C32}.Release|Any CPU.Build.0 = Release|Any CPU
	EndGlobalSection
	GlobalSection(SolutionProperties) = preSolution
		HideSolutionNode = FALSE
	EndGlobalSection
	GlobalSection(ExtensibilityGlobals) = postSolution
		SolutionGuid = {D353944E-6FF1-446C-9A30-421A28715741}
	EndGlobalSection
EndGlobal
