
Microsoft Visual Studio Solution File, Format Version 12.00
# Visual Studio Version 16
VisualStudioVersion = 16.0.29326.143
MinimumVisualStudioVersion = 10.0.40219.1
Project("{9A19103F-16F7-4668-BE54-9A1E7A4F7556}") = "Business.RichClient_netcore30", "Business\RichClient\Business.RichClient_netcore30.csproj", "{7518B624-536C-4F4B-8E73-E5421EDCF1DD}"
EndProject
Project("{9A19103F-16F7-4668-BE54-9A1E7A4F7556}") = "CustomControl.RichClient_netcore30", "CustomControl\RichClient\CustomControl.RichClient_netcore30.csproj", "{7F43B77D-7B02-4C18-94CC-4B1348CDEB57}"
EndProject
Global
	GlobalSection(SolutionConfigurationPlatforms) = preSolution
		Debug|Any CPU = Debug|Any CPU
		Release|Any CPU = Release|Any CPU
	EndGlobalSection
	GlobalSection(ProjectConfigurationPlatforms) = postSolution
		{7518B624-536C-4F4B-8E73-E5421EDCF1DD}.Debug|Any CPU.ActiveCfg = Debug|Any CPU
		{7518B624-536C-4F4B-8E73-E5421EDCF1DD}.Debug|Any CPU.Build.0 = Debug|Any CPU
		{7518B624-536C-4F4B-8E73-E5421EDCF1DD}.Release|Any CPU.ActiveCfg = Release|Any CPU
		{7518B624-536C-4F4B-8E73-E5421EDCF1DD}.Release|Any CPU.Build.0 = Release|Any CPU
		{7F43B77D-7B02-4C18-94CC-4B1348CDEB57}.Debug|Any CPU.ActiveCfg = Debug|Any CPU
		{7F43B77D-7B02-4C18-94CC-4B1348CDEB57}.Debug|Any CPU.Build.0 = Debug|Any CPU
		{7F43B77D-7B02-4C18-94CC-4B1348CDEB57}.Release|Any CPU.ActiveCfg = Release|Any CPU
		{7F43B77D-7B02-4C18-94CC-4B1348CDEB57}.Release|Any CPU.Build.0 = Release|Any CPU
	EndGlobalSection
	GlobalSection(SolutionProperties) = preSolution
		HideSolutionNode = FALSE
	EndGlobalSection
	GlobalSection(ExtensibilityGlobals) = postSolution
		SolutionGuid = {F8E24A69-525F-46B8-B01A-3223411B148E}
	EndGlobalSection
EndGlobal
