
Microsoft Visual Studio Solution File, Format Version 12.00
# Visual Studio 15
VisualStudioVersion = 15.0.27428.2015
MinimumVisualStudioVersion = 10.0.40219.1
Project("{9A19103F-16F7-4668-BE54-9A1E7A4F7556}") = "Business_netcore20", "Business\Business_netcore20.csproj", "{87C03805-26A4-452B-97C7-2C8598722DDE}"
EndProject
Global
	GlobalSection(SolutionConfigurationPlatforms) = preSolution
		Debug|Any CPU = Debug|Any CPU
		Release|Any CPU = Release|Any CPU
	EndGlobalSection
	GlobalSection(ProjectConfigurationPlatforms) = postSolution
		{87C03805-26A4-452B-97C7-2C8598722DDE}.Debug|Any CPU.ActiveCfg = Debug|Any CPU
		{87C03805-26A4-452B-97C7-2C8598722DDE}.Debug|Any CPU.Build.0 = Debug|Any CPU
		{87C03805-26A4-452B-97C7-2C8598722DDE}.Release|Any CPU.ActiveCfg = Release|Any CPU
		{87C03805-26A4-452B-97C7-2C8598722DDE}.Release|Any CPU.Build.0 = Release|Any CPU
	EndGlobalSection
	GlobalSection(SolutionProperties) = preSolution
		HideSolutionNode = FALSE
	EndGlobalSection
	GlobalSection(ExtensibilityGlobals) = postSolution
		SolutionGuid = {2FF75561-B8E7-4F22-A5F7-E967511FD51B}
	EndGlobalSection
EndGlobal
