
Microsoft Visual Studio Solution File, Format Version 12.00
# Visual Studio Version 17
VisualStudioVersion = 17.13.35931.197
MinimumVisualStudioVersion = 10.0.40219.1
Project("{9A19103F-16F7-4668-BE54-9A1E7A4F7556}") = "Public_netcore100", "Public\Public_netcore100.csproj", "{603EB991-F629-4207-A45C-A7979F0B27F8}"
EndProject
Project("{FAE04EC0-301F-11D3-BF4B-00C04F79EFBC}") = "Public.Security_netcore100", "Public\Security\Public.Security_netcore100.csproj", "{140D7AC4-1E52-0E0F-10EB-0E2087E39DCC}"
EndProject
Project("{FAE04EC0-301F-11D3-BF4B-00C04F79EFBC}") = "Framework_netcore100", "Framework\Framework_netcore100.csproj", "{FA092A28-3954-D33E-69C3-EDFD83BECB3D}"
EndProject
Project("{FAE04EC0-301F-11D3-BF4B-00C04F79EFBC}") = "DamManagedOdp_netcore100", "Public\Db\DamManagedOdp\DamManagedOdp_netcore100.csproj", "{91F656A8-2AC1-291F-38C1-E4D63B55A2E7}"
EndProject
Project("{FAE04EC0-301F-11D3-BF4B-00C04F79EFBC}") = "DamMySQL_netcore100", "Public\Db\DamMySQL\DamMySQL_netcore100.csproj", "{C8D6A524-2855-3573-005C-7C1BC95A758E}"
EndProject
Project("{FAE04EC0-301F-11D3-BF4B-00C04F79EFBC}") = "DamPstGrS_netcore100", "Public\Db\DamPstGrS\DamPstGrS_netcore100.csproj", "{00EB689D-08F5-6996-C459-F81B654229AF}"
EndProject
Global
	GlobalSection(SolutionConfigurationPlatforms) = preSolution
		Debug|Any CPU = Debug|Any CPU
		Release|Any CPU = Release|Any CPU
	EndGlobalSection
	GlobalSection(ProjectConfigurationPlatforms) = postSolution
		{603EB991-F629-4207-A45C-A7979F0B27F8}.Debug|Any CPU.ActiveCfg = Debug|Any CPU
		{603EB991-F629-4207-A45C-A7979F0B27F8}.Debug|Any CPU.Build.0 = Debug|Any CPU
		{603EB991-F629-4207-A45C-A7979F0B27F8}.Release|Any CPU.ActiveCfg = Release|Any CPU
		{603EB991-F629-4207-A45C-A7979F0B27F8}.Release|Any CPU.Build.0 = Release|Any CPU
		{140D7AC4-1E52-0E0F-10EB-0E2087E39DCC}.Debug|Any CPU.ActiveCfg = Debug|Any CPU
		{140D7AC4-1E52-0E0F-10EB-0E2087E39DCC}.Debug|Any CPU.Build.0 = Debug|Any CPU
		{140D7AC4-1E52-0E0F-10EB-0E2087E39DCC}.Release|Any CPU.ActiveCfg = Release|Any CPU
		{140D7AC4-1E52-0E0F-10EB-0E2087E39DCC}.Release|Any CPU.Build.0 = Release|Any CPU
		{FA092A28-3954-D33E-69C3-EDFD83BECB3D}.Debug|Any CPU.ActiveCfg = Debug|Any CPU
		{FA092A28-3954-D33E-69C3-EDFD83BECB3D}.Debug|Any CPU.Build.0 = Debug|Any CPU
		{FA092A28-3954-D33E-69C3-EDFD83BECB3D}.Release|Any CPU.ActiveCfg = Release|Any CPU
		{FA092A28-3954-D33E-69C3-EDFD83BECB3D}.Release|Any CPU.Build.0 = Release|Any CPU
		{91F656A8-2AC1-291F-38C1-E4D63B55A2E7}.Debug|Any CPU.ActiveCfg = Debug|Any CPU
		{91F656A8-2AC1-291F-38C1-E4D63B55A2E7}.Debug|Any CPU.Build.0 = Debug|Any CPU
		{91F656A8-2AC1-291F-38C1-E4D63B55A2E7}.Release|Any CPU.ActiveCfg = Release|Any CPU
		{91F656A8-2AC1-291F-38C1-E4D63B55A2E7}.Release|Any CPU.Build.0 = Release|Any CPU
		{C8D6A524-2855-3573-005C-7C1BC95A758E}.Debug|Any CPU.ActiveCfg = Debug|Any CPU
		{C8D6A524-2855-3573-005C-7C1BC95A758E}.Debug|Any CPU.Build.0 = Debug|Any CPU
		{C8D6A524-2855-3573-005C-7C1BC95A758E}.Release|Any CPU.ActiveCfg = Release|Any CPU
		{C8D6A524-2855-3573-005C-7C1BC95A758E}.Release|Any CPU.Build.0 = Release|Any CPU
		{00EB689D-08F5-6996-C459-F81B654229AF}.Debug|Any CPU.ActiveCfg = Debug|Any CPU
		{00EB689D-08F5-6996-C459-F81B654229AF}.Debug|Any CPU.Build.0 = Debug|Any CPU
		{00EB689D-08F5-6996-C459-F81B654229AF}.Release|Any CPU.ActiveCfg = Release|Any CPU
		{00EB689D-08F5-6996-C459-F81B654229AF}.Release|Any CPU.Build.0 = Release|Any CPU
	EndGlobalSection
	GlobalSection(SolutionProperties) = preSolution
		HideSolutionNode = FALSE
	EndGlobalSection
	GlobalSection(ExtensibilityGlobals) = postSolution
		SolutionGuid = {2FF75561-B8E7-4F22-A5F7-E967511FD51B}
	EndGlobalSection
EndGlobal
