
Microsoft Visual Studio Solution File, Format Version 12.00
# Visual Studio Version 17
VisualStudioVersion = 17.0.32126.317
MinimumVisualStudioVersion = 10.0.40219.1
Project("{9A19103F-16F7-4668-BE54-9A1E7A4F7556}") = "Framework.RichClient_netcore100", "Framework\RichClient\Framework.RichClient_netcore100.csproj", "{7518B624-536C-4F4B-8E73-E5421EDCF1DD}"
EndProject
Project("{9A19103F-16F7-4668-BE54-9A1E7A4F7556}") = "Public_netcore100", "Public\Public_netcore100.csproj", "{B7B97B7C-B8A2-44CC-AB00-107D634A45E7}"
EndProject
Project("{9A19103F-16F7-4668-BE54-9A1E7A4F7556}") = "Framework_netcore100", "Framework\Framework_netcore100.csproj", "{D5A5BE98-2C29-48BE-95B3-0E6A8F500E14}"
EndProject
Global
	GlobalSection(SolutionConfigurationPlatforms) = preSolution
		Debug|Any CPU = Debug|Any CPU
		Release|Any CPU = Release|Any CPU
	EndGlobalSection
	GlobalSection(ProjectConfigurationPlatforms) = postSolution
		{7518B624-536C-4F4B-8E73-E5421EDCF1DD}.Debug|Any CPU.ActiveCfg = Debug|Any CPU
		{7518B624-536C-4F4B-8E73-E5421EDCF1DD}.Debug|Any CPU.Build.0 = Debug|Any CPU
		{7518B624-536C-4F4B-8E73-E5421EDCF1DD}.Release|Any CPU.ActiveCfg = Release|Any CPU
		{7518B624-536C-4F4B-8E73-E5421EDCF1DD}.Release|Any CPU.Build.0 = Release|Any CPU
		{B7B97B7C-B8A2-44CC-AB00-107D634A45E7}.Debug|Any CPU.ActiveCfg = Debug|Any CPU
		{B7B97B7C-B8A2-44CC-AB00-107D634A45E7}.Debug|Any CPU.Build.0 = Debug|Any CPU
		{B7B97B7C-B8A2-44CC-AB00-107D634A45E7}.Release|Any CPU.ActiveCfg = Release|Any CPU
		{B7B97B7C-B8A2-44CC-AB00-107D634A45E7}.Release|Any CPU.Build.0 = Release|Any CPU
		{D5A5BE98-2C29-48BE-95B3-0E6A8F500E14}.Debug|Any CPU.ActiveCfg = Debug|Any CPU
		{D5A5BE98-2C29-48BE-95B3-0E6A8F500E14}.Debug|Any CPU.Build.0 = Debug|Any CPU
		{D5A5BE98-2C29-48BE-95B3-0E6A8F500E14}.Release|Any CPU.ActiveCfg = Release|Any CPU
		{D5A5BE98-2C29-48BE-95B3-0E6A8F500E14}.Release|Any CPU.Build.0 = Release|Any CPU
	EndGlobalSection
	GlobalSection(SolutionProperties) = preSolution
		HideSolutionNode = FALSE
	EndGlobalSection
	GlobalSection(ExtensibilityGlobals) = postSolution
		SolutionGuid = {F8E24A69-525F-46B8-B01A-3223411B148E}
	EndGlobalSection
EndGlobal
