
Microsoft Visual Studio Solution File, Format Version 12.00
# Visual Studio Version 17
VisualStudioVersion = 17.0.32126.317
MinimumVisualStudioVersion = 10.0.40219.1
Project("{9A19103F-16F7-4668-BE54-9A1E7A4F7556}") = "MVC_Sample", "MVC_Sample\MVC_Sample.csproj", "{A50D383C-5135-445D-924C-E3B851F13CBE}"
EndProject
Global
	GlobalSection(SolutionConfigurationPlatforms) = preSolution
		Debug|Any CPU = Debug|Any CPU
		Release|Any CPU = Release|Any CPU
	EndGlobalSection
	GlobalSection(ProjectConfigurationPlatforms) = postSolution
		{A50D383C-5135-445D-924C-E3B851F13CBE}.Debug|Any CPU.ActiveCfg = Debug|Any CPU
		{A50D383C-5135-445D-924C-E3B851F13CBE}.Debug|Any CPU.Build.0 = Debug|Any CPU
		{A50D383C-5135-445D-924C-E3B851F13CBE}.Release|Any CPU.ActiveCfg = Release|Any CPU
		{A50D383C-5135-445D-924C-E3B851F13CBE}.Release|Any CPU.Build.0 = Release|Any CPU
	EndGlobalSection
	GlobalSection(SolutionProperties) = preSolution
		HideSolutionNode = FALSE
	EndGlobalSection
	GlobalSection(ExtensibilityGlobals) = postSolution
		SolutionGuid = {A1C91466-06CF-43CB-9DA9-A697B0126A10}
	EndGlobalSection
EndGlobal
