
Microsoft Visual Studio Solution File, Format Version 12.00
# Visual Studio 14
VisualStudioVersion = 14.0.25420.1
MinimumVisualStudioVersion = 10.0.40219.1
Project("{F184B08F-C81C-45F6-A57F-5ABD9991F28F}") = "WSClientWin_sample", "WSClientWin_sample.vbproj", "{FBA01A43-1A3F-4C92-ABD1-59C51005A084}"
EndProject
Project("{F184B08F-C81C-45F6-A57F-5ABD9991F28F}") = "ASPNETWebService", "..\..\..\..\Frameworks\Infrastructure\ServiceInterface\ASPNETWebService\ASPNETWebService\ASPNETWebService.vbproj", "{CD8E53D2-B177-494B-AE08-1CEEF98E43D7}"
EndProject
Project("{F184B08F-C81C-45F6-A57F-5ABD9991F28F}") = "WCFService", "..\..\..\..\Frameworks\Infrastructure\ServiceInterface\WCFService\WCFService.vbproj", "{48114116-045D-4BB9-93FD-61306697F589}"
EndProject
Global
	GlobalSection(SolutionConfigurationPlatforms) = preSolution
		Debug|Any CPU = Debug|Any CPU
		Debug|x86 = Debug|x86
		Release|Any CPU = Release|Any CPU
		Release|x86 = Release|x86
	EndGlobalSection
	GlobalSection(ProjectConfigurationPlatforms) = postSolution
		{FBA01A43-1A3F-4C92-ABD1-59C51005A084}.Debug|Any CPU.ActiveCfg = Debug|Any CPU
		{FBA01A43-1A3F-4C92-ABD1-59C51005A084}.Debug|Any CPU.Build.0 = Debug|Any CPU
		{FBA01A43-1A3F-4C92-ABD1-59C51005A084}.Debug|x86.ActiveCfg = Debug|Any CPU
		{FBA01A43-1A3F-4C92-ABD1-59C51005A084}.Debug|x86.Build.0 = Debug|Any CPU
		{FBA01A43-1A3F-4C92-ABD1-59C51005A084}.Release|Any CPU.ActiveCfg = Release|Any CPU
		{FBA01A43-1A3F-4C92-ABD1-59C51005A084}.Release|Any CPU.Build.0 = Release|Any CPU
		{FBA01A43-1A3F-4C92-ABD1-59C51005A084}.Release|x86.ActiveCfg = Release|Any CPU
		{FBA01A43-1A3F-4C92-ABD1-59C51005A084}.Release|x86.Build.0 = Release|Any CPU
		{CD8E53D2-B177-494B-AE08-1CEEF98E43D7}.Debug|Any CPU.ActiveCfg = Debug|Any CPU
		{CD8E53D2-B177-494B-AE08-1CEEF98E43D7}.Debug|Any CPU.Build.0 = Debug|Any CPU
		{CD8E53D2-B177-494B-AE08-1CEEF98E43D7}.Debug|x86.ActiveCfg = Debug|Any CPU
		{CD8E53D2-B177-494B-AE08-1CEEF98E43D7}.Debug|x86.Build.0 = Debug|Any CPU
		{CD8E53D2-B177-494B-AE08-1CEEF98E43D7}.Release|Any CPU.ActiveCfg = Release|Any CPU
		{CD8E53D2-B177-494B-AE08-1CEEF98E43D7}.Release|Any CPU.Build.0 = Release|Any CPU
		{CD8E53D2-B177-494B-AE08-1CEEF98E43D7}.Release|x86.ActiveCfg = Release|Any CPU
		{CD8E53D2-B177-494B-AE08-1CEEF98E43D7}.Release|x86.Build.0 = Release|Any CPU
		{48114116-045D-4BB9-93FD-61306697F589}.Debug|Any CPU.ActiveCfg = Debug|Any CPU
		{48114116-045D-4BB9-93FD-61306697F589}.Debug|Any CPU.Build.0 = Debug|Any CPU
		{48114116-045D-4BB9-93FD-61306697F589}.Debug|x86.ActiveCfg = Debug|Any CPU
		{48114116-045D-4BB9-93FD-61306697F589}.Debug|x86.Build.0 = Debug|Any CPU
		{48114116-045D-4BB9-93FD-61306697F589}.Release|Any CPU.ActiveCfg = Release|Any CPU
		{48114116-045D-4BB9-93FD-61306697F589}.Release|Any CPU.Build.0 = Release|Any CPU
		{48114116-045D-4BB9-93FD-61306697F589}.Release|x86.ActiveCfg = Release|Any CPU
		{48114116-045D-4BB9-93FD-61306697F589}.Release|x86.Build.0 = Release|Any CPU
	EndGlobalSection
	GlobalSection(SolutionProperties) = preSolution
		HideSolutionNode = FALSE
	EndGlobalSection
EndGlobal
