
Microsoft Visual Studio Solution File, Format Version 11.00
# Visual Studio 2010
Project("{FAE04EC0-301F-11D3-BF4B-00C04F79EFBC}") = "SLBusiness", "SLBusiness\SLBusiness.csproj", "{B63CE2BF-DB08-46BE-B567-29C9ACB39253}"
EndProject
Project("{FAE04EC0-301F-11D3-BF4B-00C04F79EFBC}") = "SLPublic", "SLPublic\SLPublic.csproj", "{C86E51C3-0D44-4D6E-A851-D1E07F88DFE2}"
EndProject
Project("{FAE04EC0-301F-11D3-BF4B-00C04F79EFBC}") = "SLFramework", "SLFramework\SLFramework.csproj", "{86FCFA22-CBC9-4C25-B717-69F8CABD02FB}"
EndProject
Global
	GlobalSection(SolutionConfigurationPlatforms) = preSolution
		Debug|Any CPU = Debug|Any CPU
		Release|Any CPU = Release|Any CPU
	EndGlobalSection
	GlobalSection(ProjectConfigurationPlatforms) = postSolution
		{B63CE2BF-DB08-46BE-B567-29C9ACB39253}.Debug|Any CPU.ActiveCfg = Debug|Any CPU
		{B63CE2BF-DB08-46BE-B567-29C9ACB39253}.Debug|Any CPU.Build.0 = Debug|Any CPU
		{B63CE2BF-DB08-46BE-B567-29C9ACB39253}.Release|Any CPU.ActiveCfg = Release|Any CPU
		{B63CE2BF-DB08-46BE-B567-29C9ACB39253}.Release|Any CPU.Build.0 = Release|Any CPU
		{C86E51C3-0D44-4D6E-A851-D1E07F88DFE2}.Debug|Any CPU.ActiveCfg = Debug|Any CPU
		{C86E51C3-0D44-4D6E-A851-D1E07F88DFE2}.Debug|Any CPU.Build.0 = Debug|Any CPU
		{C86E51C3-0D44-4D6E-A851-D1E07F88DFE2}.Release|Any CPU.ActiveCfg = Release|Any CPU
		{C86E51C3-0D44-4D6E-A851-D1E07F88DFE2}.Release|Any CPU.Build.0 = Release|Any CPU
		{86FCFA22-CBC9-4C25-B717-69F8CABD02FB}.Debug|Any CPU.ActiveCfg = Debug|Any CPU
		{86FCFA22-CBC9-4C25-B717-69F8CABD02FB}.Debug|Any CPU.Build.0 = Debug|Any CPU
		{86FCFA22-CBC9-4C25-B717-69F8CABD02FB}.Release|Any CPU.ActiveCfg = Release|Any CPU
		{86FCFA22-CBC9-4C25-B717-69F8CABD02FB}.Release|Any CPU.Build.0 = Release|Any CPU
	EndGlobalSection
	GlobalSection(SolutionProperties) = preSolution
		HideSolutionNode = FALSE
	EndGlobalSection
EndGlobal
