
Microsoft Visual Studio Solution File, Format Version 12.00
# Visual Studio Version 17
VisualStudioVersion = 17.0.32126.317
MinimumVisualStudioVersion = 10.0.40219.1
Project("{9A19103F-16F7-4668-BE54-9A1E7A4F7556}") = "SimpleBatch_sample", "SimpleBatch_sample.csproj", "{4E1E7400-A012-49E2-8D28-A361F0E1BEE2}"
EndProject
Global
	GlobalSection(SolutionConfigurationPlatforms) = preSolution
		Debug|Any CPU = Debug|Any CPU
		Release|Any CPU = Release|Any CPU
	EndGlobalSection
	GlobalSection(ProjectConfigurationPlatforms) = postSolution
		{4E1E7400-A012-49E2-8D28-A361F0E1BEE2}.Debug|Any CPU.ActiveCfg = Debug|Any CPU
		{4E1E7400-A012-49E2-8D28-A361F0E1BEE2}.Debug|Any CPU.Build.0 = Debug|Any CPU
		{4E1E7400-A012-49E2-8D28-A361F0E1BEE2}.Release|Any CPU.ActiveCfg = Release|Any CPU
		{4E1E7400-A012-49E2-8D28-A361F0E1BEE2}.Release|Any CPU.Build.0 = Release|Any CPU
	EndGlobalSection
	GlobalSection(SolutionProperties) = preSolution
		HideSolutionNode = FALSE
	EndGlobalSection
	GlobalSection(ExtensibilityGlobals) = postSolution
		SolutionGuid = {3D69CB54-D2E7-441E-B62A-0E3FC8FD87CB}
	EndGlobalSection
EndGlobal
