
Microsoft Visual Studio Solution File, Format Version 11.00
# Visual Studio 2010
Project("{E24C65DC-7377-472B-9ABA-BC803B73C61A}") = "ASPNETWebService", ".", "{DD95A8C3-982B-4286-BB1E-9D00CD95CE02}"
	ProjectSection(WebsiteProperties) = preProject
		TargetFrameworkMoniker = ".NETFramework,Version%3Dv4.0"
		Debug.AspNetCompiler.VirtualPath = "/ASPNETWebService"
		Debug.AspNetCompiler.PhysicalPath = "..\ASPNETWebService\"
		Debug.AspNetCompiler.TargetPath = "..\PrecompiledWeb\ASPNETWebService\"
		Debug.AspNetCompiler.Updateable = "true"
		Debug.AspNetCompiler.ForceOverwrite = "true"
		Debug.AspNetCompiler.FixedNames = "false"
		Debug.AspNetCompiler.Debug = "True"
		Release.AspNetCompiler.VirtualPath = "/ASPNETWebService"
		Release.AspNetCompiler.PhysicalPath = "..\ASPNETWebService\"
		Release.AspNetCompiler.TargetPath = "..\PrecompiledWeb\ASPNETWebService\"
		Release.AspNetCompiler.Updateable = "true"
		Release.AspNetCompiler.ForceOverwrite = "true"
		Release.AspNetCompiler.FixedNames = "false"
		Release.AspNetCompiler.Debug = "False"
		VWDPort = "8888"
		VWDDynamicPort = "false"
	EndProjectSection
EndProject
Global
	GlobalSection(SolutionConfigurationPlatforms) = preSolution
		Debug|Any CPU = Debug|Any CPU
	EndGlobalSection
	GlobalSection(ProjectConfigurationPlatforms) = postSolution
		{DD95A8C3-982B-4286-BB1E-9D00CD95CE02}.Debug|Any CPU.ActiveCfg = Debug|Any CPU
		{DD95A8C3-982B-4286-BB1E-9D00CD95CE02}.Debug|Any CPU.Build.0 = Debug|Any CPU
	EndGlobalSection
	GlobalSection(SolutionProperties) = preSolution
		HideSolutionNode = FALSE
	EndGlobalSection
EndGlobal
