
Microsoft Visual Studio Solution File, Format Version 12.00
# Visual Studio Version 16
VisualStudioVersion = 16.0.29326.143
MinimumVisualStudioVersion = 10.0.40219.1
Project("{FAE04EC0-301F-11D3-BF4B-00C04F79EFBC}") = "2CSClientWin_sample", "2CSClientWin_sample.csproj", "{386EA604-40DB-44A8-87AE-F29B209BA9CF}"
EndProject
Global
	GlobalSection(SolutionConfigurationPlatforms) = preSolution
		Debug|Any CPU = Debug|Any CPU
		Release|Any CPU = Release|Any CPU
	EndGlobalSection
	GlobalSection(ProjectConfigurationPlatforms) = postSolution
		{386EA604-40DB-44A8-87AE-F29B209BA9CF}.Debug|Any CPU.ActiveCfg = Debug|Any CPU
		{386EA604-40DB-44A8-87AE-F29B209BA9CF}.Debug|Any CPU.Build.0 = Debug|Any CPU
		{386EA604-40DB-44A8-87AE-F29B209BA9CF}.Release|Any CPU.ActiveCfg = Release|Any CPU
		{386EA604-40DB-44A8-87AE-F29B209BA9CF}.Release|Any CPU.Build.0 = Release|Any CPU
	EndGlobalSection
	GlobalSection(SolutionProperties) = preSolution
		HideSolutionNode = FALSE
	EndGlobalSection
EndGlobal
