
Microsoft Visual Studio Solution File, Format Version 11.00
# Visual Studio 2010
Project("{FAE04EC0-301F-11D3-BF4B-00C04F79EFBC}") = "Workflow_Tool", "Workflow_Tool.csproj", "{31AC3596-6895-479D-9D86-6630CC0B6CC5}"
EndProject
Global
	GlobalSection(SolutionConfigurationPlatforms) = preSolution
		Debug|x86 = Debug|x86
		Release|x86 = Release|x86
	EndGlobalSection
	GlobalSection(ProjectConfigurationPlatforms) = postSolution
		{31AC3596-6895-479D-9D86-6630CC0B6CC5}.Debug|x86.ActiveCfg = Debug|x86
		{31AC3596-6895-479D-9D86-6630CC0B6CC5}.Debug|x86.Build.0 = Debug|x86
		{31AC3596-6895-479D-9D86-6630CC0B6CC5}.Release|x86.ActiveCfg = Release|x86
		{31AC3596-6895-479D-9D86-6630CC0B6CC5}.Release|x86.Build.0 = Release|x86
	EndGlobalSection
	GlobalSection(SolutionProperties) = preSolution
		HideSolutionNode = FALSE
	EndGlobalSection
EndGlobal
