
Microsoft Visual Studio Solution File, Format Version 12.00
# Visual Studio Version 17
VisualStudioVersion = 17.0.32126.317
MinimumVisualStudioVersion = 10.0.40219.1
Project("{9A19103F-16F7-4668-BE54-9A1E7A4F7556}") = "DeployZipPackWithHTTPCore", "DeployZipPackWithHTTPCore.csproj", "{B988A3B4-7296-4491-878B-7C3C2A330A1F}"
EndProject
Global
	GlobalSection(SolutionConfigurationPlatforms) = preSolution
		Debug|Any CPU = Debug|Any CPU
		Release|Any CPU = Release|Any CPU
	EndGlobalSection
	GlobalSection(ProjectConfigurationPlatforms) = postSolution
		{B988A3B4-7296-4491-878B-7C3C2A330A1F}.Debug|Any CPU.ActiveCfg = Debug|Any CPU
		{B988A3B4-7296-4491-878B-7C3C2A330A1F}.Debug|Any CPU.Build.0 = Debug|Any CPU
		{B988A3B4-7296-4491-878B-7C3C2A330A1F}.Release|Any CPU.ActiveCfg = Release|Any CPU
		{B988A3B4-7296-4491-878B-7C3C2A330A1F}.Release|Any CPU.Build.0 = Release|Any CPU
	EndGlobalSection
	GlobalSection(SolutionProperties) = preSolution
		HideSolutionNode = FALSE
	EndGlobalSection
	GlobalSection(ExtensibilityGlobals) = postSolution
		SolutionGuid = {A32A525E-B7F7-4751-877C-46F7BB73BCE5}
	EndGlobalSection
EndGlobal
