
Microsoft Visual Studio Solution File, Format Version 12.00
# Visual Studio 15
VisualStudioVersion = 15.0.26403.7
MinimumVisualStudioVersion = 10.0.40219.1
Project("{262852C6-CD72-467D-83FE-5EEB1973A190}") = "UWP_Sample.Html", "UWP_Sample.Html\UWP_Sample.Html.jsproj", "{BA1699F0-8AD5-4B10-B0CA-B9617BE72E76}"
EndProject
Project("{9A19103F-16F7-4668-BE54-9A1E7A4F7556}") = "ASPNETWebService", "..\..\Backend\ASPNETWebService\ASPNETWebService\ASPNETWebService.csproj", "{6AC7473D-9DC7-495D-8AD4-5F248D5D241F}"
EndProject
Global
	GlobalSection(SolutionConfigurationPlatforms) = preSolution
		Debug|Any CPU = Debug|Any CPU
		Debug|ARM = Debug|ARM
		Debug|x64 = Debug|x64
		Debug|x86 = Debug|x86
		Release|Any CPU = Release|Any CPU
		Release|ARM = Release|ARM
		Release|x64 = Release|x64
		Release|x86 = Release|x86
	EndGlobalSection
	GlobalSection(ProjectConfigurationPlatforms) = postSolution
		{BA1699F0-8AD5-4B10-B0CA-B9617BE72E76}.Debug|Any CPU.ActiveCfg = Debug|Any CPU
		{BA1699F0-8AD5-4B10-B0CA-B9617BE72E76}.Debug|Any CPU.Build.0 = Debug|Any CPU
		{BA1699F0-8AD5-4B10-B0CA-B9617BE72E76}.Debug|Any CPU.Deploy.0 = Debug|Any CPU
		{BA1699F0-8AD5-4B10-B0CA-B9617BE72E76}.Debug|ARM.ActiveCfg = Debug|ARM
		{BA1699F0-8AD5-4B10-B0CA-B9617BE72E76}.Debug|ARM.Build.0 = Debug|ARM
		{BA1699F0-8AD5-4B10-B0CA-B9617BE72E76}.Debug|ARM.Deploy.0 = Debug|ARM
		{BA1699F0-8AD5-4B10-B0CA-B9617BE72E76}.Debug|x64.ActiveCfg = Debug|x64
		{BA1699F0-8AD5-4B10-B0CA-B9617BE72E76}.Debug|x64.Build.0 = Debug|x64
		{BA1699F0-8AD5-4B10-B0CA-B9617BE72E76}.Debug|x64.Deploy.0 = Debug|x64
		{BA1699F0-8AD5-4B10-B0CA-B9617BE72E76}.Debug|x86.ActiveCfg = Debug|x86
		{BA1699F0-8AD5-4B10-B0CA-B9617BE72E76}.Debug|x86.Build.0 = Debug|x86
		{BA1699F0-8AD5-4B10-B0CA-B9617BE72E76}.Debug|x86.Deploy.0 = Debug|x86
		{BA1699F0-8AD5-4B10-B0CA-B9617BE72E76}.Release|Any CPU.ActiveCfg = Release|Any CPU
		{BA1699F0-8AD5-4B10-B0CA-B9617BE72E76}.Release|Any CPU.Build.0 = Release|Any CPU
		{BA1699F0-8AD5-4B10-B0CA-B9617BE72E76}.Release|Any CPU.Deploy.0 = Release|Any CPU
		{BA1699F0-8AD5-4B10-B0CA-B9617BE72E76}.Release|ARM.ActiveCfg = Release|ARM
		{BA1699F0-8AD5-4B10-B0CA-B9617BE72E76}.Release|ARM.Build.0 = Release|ARM
		{BA1699F0-8AD5-4B10-B0CA-B9617BE72E76}.Release|ARM.Deploy.0 = Release|ARM
		{BA1699F0-8AD5-4B10-B0CA-B9617BE72E76}.Release|x64.ActiveCfg = Release|x64
		{BA1699F0-8AD5-4B10-B0CA-B9617BE72E76}.Release|x64.Build.0 = Release|x64
		{BA1699F0-8AD5-4B10-B0CA-B9617BE72E76}.Release|x64.Deploy.0 = Release|x64
		{BA1699F0-8AD5-4B10-B0CA-B9617BE72E76}.Release|x86.ActiveCfg = Release|x86
		{BA1699F0-8AD5-4B10-B0CA-B9617BE72E76}.Release|x86.Build.0 = Release|x86
		{BA1699F0-8AD5-4B10-B0CA-B9617BE72E76}.Release|x86.Deploy.0 = Release|x86
		{6AC7473D-9DC7-495D-8AD4-5F248D5D241F}.Debug|Any CPU.ActiveCfg = Debug|Any CPU
		{6AC7473D-9DC7-495D-8AD4-5F248D5D241F}.Debug|Any CPU.Build.0 = Debug|Any CPU
		{6AC7473D-9DC7-495D-8AD4-5F248D5D241F}.Debug|ARM.ActiveCfg = Debug|Any CPU
		{6AC7473D-9DC7-495D-8AD4-5F248D5D241F}.Debug|ARM.Build.0 = Debug|Any CPU
		{6AC7473D-9DC7-495D-8AD4-5F248D5D241F}.Debug|x64.ActiveCfg = Debug|Any CPU
		{6AC7473D-9DC7-495D-8AD4-5F248D5D241F}.Debug|x64.Build.0 = Debug|Any CPU
		{6AC7473D-9DC7-495D-8AD4-5F248D5D241F}.Debug|x86.ActiveCfg = Debug|Any CPU
		{6AC7473D-9DC7-495D-8AD4-5F248D5D241F}.Debug|x86.Build.0 = Debug|Any CPU
		{6AC7473D-9DC7-495D-8AD4-5F248D5D241F}.Release|Any CPU.ActiveCfg = Release|Any CPU
		{6AC7473D-9DC7-495D-8AD4-5F248D5D241F}.Release|Any CPU.Build.0 = Release|Any CPU
		{6AC7473D-9DC7-495D-8AD4-5F248D5D241F}.Release|ARM.ActiveCfg = Release|Any CPU
		{6AC7473D-9DC7-495D-8AD4-5F248D5D241F}.Release|ARM.Build.0 = Release|Any CPU
		{6AC7473D-9DC7-495D-8AD4-5F248D5D241F}.Release|x64.ActiveCfg = Release|Any CPU
		{6AC7473D-9DC7-495D-8AD4-5F248D5D241F}.Release|x64.Build.0 = Release|Any CPU
		{6AC7473D-9DC7-495D-8AD4-5F248D5D241F}.Release|x86.ActiveCfg = Release|Any CPU
		{6AC7473D-9DC7-495D-8AD4-5F248D5D241F}.Release|x86.Build.0 = Release|Any CPU
	EndGlobalSection
	GlobalSection(SolutionProperties) = preSolution
		HideSolutionNode = FALSE
	EndGlobalSection
	GlobalSection(ExtensibilityGlobals) = postSolution
		SolutionGuid = {C073186A-4061-40B9-97F8-01C7544144DB}
	EndGlobalSection
EndGlobal
