
Microsoft Visual Studio Solution File, Format Version 12.00
# Visual Studio 14
VisualStudioVersion = 14.0.25420.1
MinimumVisualStudioVersion = 10.0.40219.1
Project("{F184B08F-C81C-45F6-A57F-5ABD9991F28F}") = "WCFService", "WCFService.vbproj", "{48114116-045D-4BB9-93FD-61306697F589}"
EndProject
Global
	GlobalSection(SolutionConfigurationPlatforms) = preSolution
		Debug|x86 = Debug|x86
		Release|x86 = Release|x86
	EndGlobalSection
	GlobalSection(ProjectConfigurationPlatforms) = postSolution
		{48114116-045D-4BB9-93FD-61306697F589}.Debug|x86.ActiveCfg = Debug|Any CPU
		{48114116-045D-4BB9-93FD-61306697F589}.Debug|x86.Build.0 = Debug|Any CPU
		{48114116-045D-4BB9-93FD-61306697F589}.Release|x86.ActiveCfg = Release|Any CPU
		{48114116-045D-4BB9-93FD-61306697F589}.Release|x86.Build.0 = Release|Any CPU
	EndGlobalSection
	GlobalSection(SolutionProperties) = preSolution
		HideSolutionNode = FALSE
	EndGlobalSection
EndGlobal
