
Microsoft Visual Studio Solution File, Format Version 12.00
# Visual Studio 14
VisualStudioVersion = 14.0.23107.0
MinimumVisualStudioVersion = 10.0.40219.1
Project("{FAE04EC0-301F-11D3-BF4B-00C04F79EFBC}") = "WindowsFormsApplication", "WindowsFormsApplication\WindowsFormsApplication.csproj", "{17284ADF-2F82-412E-8D83-02E5C1606F53}"
EndProject
Project("{FAE04EC0-301F-11D3-BF4B-00C04F79EFBC}") = "WpfApplication", "WpfApplication\WpfApplication.csproj", "{14296AF4-CB38-44B9-A42D-C104FE16CE33}"
EndProject
Global
	GlobalSection(SolutionConfigurationPlatforms) = preSolution
		Debug|Any CPU = Debug|Any CPU
		Release|Any CPU = Release|Any CPU
	EndGlobalSection
	GlobalSection(ProjectConfigurationPlatforms) = postSolution
		{17284ADF-2F82-412E-8D83-02E5C1606F53}.Debug|Any CPU.ActiveCfg = Debug|Any CPU
		{17284ADF-2F82-412E-8D83-02E5C1606F53}.Debug|Any CPU.Build.0 = Debug|Any CPU
		{17284ADF-2F82-412E-8D83-02E5C1606F53}.Release|Any CPU.ActiveCfg = Release|Any CPU
		{17284ADF-2F82-412E-8D83-02E5C1606F53}.Release|Any CPU.Build.0 = Release|Any CPU
		{14296AF4-CB38-44B9-A42D-C104FE16CE33}.Debug|Any CPU.ActiveCfg = Debug|Any CPU
		{14296AF4-CB38-44B9-A42D-C104FE16CE33}.Debug|Any CPU.Build.0 = Debug|Any CPU
		{14296AF4-CB38-44B9-A42D-C104FE16CE33}.Release|Any CPU.ActiveCfg = Release|Any CPU
		{14296AF4-CB38-44B9-A42D-C104FE16CE33}.Release|Any CPU.Build.0 = Release|Any CPU
	EndGlobalSection
	GlobalSection(SolutionProperties) = preSolution
		HideSolutionNode = FALSE
	EndGlobalSection
EndGlobal
