
Microsoft Visual Studio Solution File, Format Version 12.00
# Visual Studio 14
VisualStudioVersion = 14.0.25420.1
MinimumVisualStudioVersion = 10.0.40219.1
Project("{FAE04EC0-301F-11D3-BF4B-00C04F79EFBC}") = "SPA_Sample", "SPA_Sample\SPA_Sample.csproj", "{FCDE8444-AC04-4ACA-92A2-5AB6B4F1A474}"
EndProject
Project("{FAE04EC0-301F-11D3-BF4B-00C04F79EFBC}") = "ASPNETWebService", "..\..\WS_sample\ASPNETWebService\ASPNETWebService\ASPNETWebService.csproj", "{C24BC2FA-D423-4F0F-B2B0-E647B621683D}"
EndProject
Global
	GlobalSection(SolutionConfigurationPlatforms) = preSolution
		Debug|Any CPU = Debug|Any CPU
		Release|Any CPU = Release|Any CPU
	EndGlobalSection
	GlobalSection(ProjectConfigurationPlatforms) = postSolution
		{FCDE8444-AC04-4ACA-92A2-5AB6B4F1A474}.Debug|Any CPU.ActiveCfg = Debug|Any CPU
		{FCDE8444-AC04-4ACA-92A2-5AB6B4F1A474}.Debug|Any CPU.Build.0 = Debug|Any CPU
		{FCDE8444-AC04-4ACA-92A2-5AB6B4F1A474}.Release|Any CPU.ActiveCfg = Release|Any CPU
		{FCDE8444-AC04-4ACA-92A2-5AB6B4F1A474}.Release|Any CPU.Build.0 = Release|Any CPU
		{C24BC2FA-D423-4F0F-B2B0-E647B621683D}.Debug|Any CPU.ActiveCfg = Debug|Any CPU
		{C24BC2FA-D423-4F0F-B2B0-E647B621683D}.Debug|Any CPU.Build.0 = Debug|Any CPU
		{C24BC2FA-D423-4F0F-B2B0-E647B621683D}.Release|Any CPU.ActiveCfg = Release|Any CPU
		{C24BC2FA-D423-4F0F-B2B0-E647B621683D}.Release|Any CPU.Build.0 = Release|Any CPU
	EndGlobalSection
	GlobalSection(SolutionProperties) = preSolution
		HideSolutionNode = FALSE
	EndGlobalSection
EndGlobal
