
Microsoft Visual Studio Solution File, Format Version 11.00
# Visual Studio 2010
Project("{FAE04EC0-301F-11D3-BF4B-00C04F79EFBC}") = "WSClientWPFbap_sample", "WSClientWPFbap_sample.csproj", "{CCA845AA-B4DF-4EBE-903D-35E75B3C4460}"
EndProject
Project("{E24C65DC-7377-472B-9ABA-BC803B73C61A}") = "ASPNETWebService", "..\..\..\..\Frameworks\Infrastructure\ServiceInterface\ASPNETWebService\", "{34B2A76B-87FB-4004-9367-6BCAA6709C58}"
	ProjectSection(WebsiteProperties) = preProject
		TargetFrameworkMoniker = ".NETFramework,Version%3Dv4.0"
		Debug.AspNetCompiler.VirtualPath = "/ASPNETWebService"
		Debug.AspNetCompiler.PhysicalPath = "..\..\..\..\Frameworks\Infrastructure\ServiceInterface\ASPNETWebService\"
		Debug.AspNetCompiler.TargetPath = "PrecompiledWeb\ASPNETWebService\"
		Debug.AspNetCompiler.Updateable = "true"
		Debug.AspNetCompiler.ForceOverwrite = "true"
		Debug.AspNetCompiler.FixedNames = "false"
		Debug.AspNetCompiler.Debug = "True"
		Release.AspNetCompiler.VirtualPath = "/ASPNETWebService"
		Release.AspNetCompiler.PhysicalPath = "..\..\..\..\Frameworks\Infrastructure\ServiceInterface\ASPNETWebService\"
		Release.AspNetCompiler.TargetPath = "PrecompiledWeb\ASPNETWebService\"
		Release.AspNetCompiler.Updateable = "true"
		Release.AspNetCompiler.ForceOverwrite = "true"
		Release.AspNetCompiler.FixedNames = "false"
		Release.AspNetCompiler.Debug = "False"
		VWDPort = "8888"
		VWDDynamicPort = "false"
	EndProjectSection
EndProject
Global
	GlobalSection(SolutionConfigurationPlatforms) = preSolution
		Debug|Any CPU = Debug|Any CPU
		Release|Any CPU = Release|Any CPU
	EndGlobalSection
	GlobalSection(ProjectConfigurationPlatforms) = postSolution
		{CCA845AA-B4DF-4EBE-903D-35E75B3C4460}.Debug|Any CPU.ActiveCfg = Debug|Any CPU
		{CCA845AA-B4DF-4EBE-903D-35E75B3C4460}.Debug|Any CPU.Build.0 = Debug|Any CPU
		{CCA845AA-B4DF-4EBE-903D-35E75B3C4460}.Release|Any CPU.ActiveCfg = Release|Any CPU
		{CCA845AA-B4DF-4EBE-903D-35E75B3C4460}.Release|Any CPU.Build.0 = Release|Any CPU
		{34B2A76B-87FB-4004-9367-6BCAA6709C58}.Debug|Any CPU.ActiveCfg = Debug|Any CPU
		{34B2A76B-87FB-4004-9367-6BCAA6709C58}.Debug|Any CPU.Build.0 = Debug|Any CPU
		{34B2A76B-87FB-4004-9367-6BCAA6709C58}.Release|Any CPU.ActiveCfg = Debug|Any CPU
		{34B2A76B-87FB-4004-9367-6BCAA6709C58}.Release|Any CPU.Build.0 = Debug|Any CPU
	EndGlobalSection
	GlobalSection(SolutionProperties) = preSolution
		HideSolutionNode = FALSE
	EndGlobalSection
EndGlobal
