
Microsoft Visual Studio Solution File, Format Version 12.00
# Visual Studio Version 16
VisualStudioVersion = 16.0.30320.27
MinimumVisualStudioVersion = 10.0.40219.1
Project("{FAE04EC0-301F-11D3-BF4B-00C04F79EFBC}") = "SimpleBatch", "SimpleBatch.csproj", "{D4941E87-FCE4-4102-B569-C17208AE13CF}"
EndProject
Global
	GlobalSection(SolutionConfigurationPlatforms) = preSolution
		Debug|Any CPU = Debug|Any CPU
		Release|Any CPU = Release|Any CPU
	EndGlobalSection
	GlobalSection(ProjectConfigurationPlatforms) = postSolution
		{D4941E87-FCE4-4102-B569-C17208AE13CF}.Debug|Any CPU.ActiveCfg = Debug|Any CPU
		{D4941E87-FCE4-4102-B569-C17208AE13CF}.Debug|Any CPU.Build.0 = Debug|Any CPU
		{D4941E87-FCE4-4102-B569-C17208AE13CF}.Release|Any CPU.ActiveCfg = Release|Any CPU
		{D4941E87-FCE4-4102-B569-C17208AE13CF}.Release|Any CPU.Build.0 = Release|Any CPU
	EndGlobalSection
	GlobalSection(SolutionProperties) = preSolution
		HideSolutionNode = FALSE
	EndGlobalSection
	GlobalSection(ExtensibilityGlobals) = postSolution
		SolutionGuid = {ACAC2CBB-BC99-431B-BA5E-8E44BCC81E2E}
	EndGlobalSection
EndGlobal
