
Microsoft Visual Studio Solution File, Format Version 12.00
# Visual Studio Version 17
VisualStudioVersion = 17.0.32126.317
MinimumVisualStudioVersion = 10.0.40219.1
Project("{9A19103F-16F7-4668-BE54-9A1E7A4F7556}") = "TestLogCore", "TestLogCore1.csproj", "{5CC42F99-B80D-485B-9623-EE2DD59A6EDB}"
EndProject
Global
	GlobalSection(SolutionConfigurationPlatforms) = preSolution
		Debug|Any CPU = Debug|Any CPU
		Release|Any CPU = Release|Any CPU
	EndGlobalSection
	GlobalSection(ProjectConfigurationPlatforms) = postSolution
		{5CC42F99-B80D-485B-9623-EE2DD59A6EDB}.Debug|Any CPU.ActiveCfg = Debug|Any CPU
		{5CC42F99-B80D-485B-9623-EE2DD59A6EDB}.Debug|Any CPU.Build.0 = Debug|Any CPU
		{5CC42F99-B80D-485B-9623-EE2DD59A6EDB}.Release|Any CPU.ActiveCfg = Release|Any CPU
		{5CC42F99-B80D-485B-9623-EE2DD59A6EDB}.Release|Any CPU.Build.0 = Release|Any CPU
	EndGlobalSection
	GlobalSection(SolutionProperties) = preSolution
		HideSolutionNode = FALSE
	EndGlobalSection
	GlobalSection(ExtensibilityGlobals) = postSolution
		SolutionGuid = {2F5049B1-0BF1-49D2-AD23-C94D56A36CDF}
	EndGlobalSection
EndGlobal
