
Microsoft Visual Studio Solution File, Format Version 12.00
# Visual Studio 14
VisualStudioVersion = 14.0.23107.0
MinimumVisualStudioVersion = 10.0.40219.1
Project("{F184B08F-C81C-45F6-A57F-5ABD9991F28F}") = "GenDaoAndBatUpd_sample", "GenDaoAndBatUpd_sample.vbproj", "{BEE90CB9-1CDA-4914-BF07-786242CF425B}"
EndProject
Global
	GlobalSection(SolutionConfigurationPlatforms) = preSolution
		Debug|Any CPU = Debug|Any CPU
		Release|Any CPU = Release|Any CPU
	EndGlobalSection
	GlobalSection(ProjectConfigurationPlatforms) = postSolution
		{BEE90CB9-1CDA-4914-BF07-786242CF425B}.Debug|Any CPU.ActiveCfg = Debug|Any CPU
		{BEE90CB9-1CDA-4914-BF07-786242CF425B}.Debug|Any CPU.Build.0 = Debug|Any CPU
		{BEE90CB9-1CDA-4914-BF07-786242CF425B}.Release|Any CPU.ActiveCfg = Release|Any CPU
		{BEE90CB9-1CDA-4914-BF07-786242CF425B}.Release|Any CPU.Build.0 = Release|Any CPU
	EndGlobalSection
	GlobalSection(SolutionProperties) = preSolution
		HideSolutionNode = FALSE
	EndGlobalSection
EndGlobal
