
Microsoft Visual Studio Solution File, Format Version 12.00
# Visual Studio Version 16
VisualStudioVersion = 16.0.29326.143
MinimumVisualStudioVersion = 10.0.40219.1
Project("{FAE04EC0-301F-11D3-BF4B-00C04F79EFBC}") = "DaoGen_Tool", "DaoGen_ToolCore.csproj", "{5CC42F99-B80D-485B-9623-EE2DD59A6EDB}"
EndProject
Global
	GlobalSection(SolutionConfigurationPlatforms) = preSolution
		Debug|Any CPU = Debug|Any CPU
		Release|Any CPU = Release|Any CPU
	EndGlobalSection
	GlobalSection(ProjectConfigurationPlatforms) = postSolution
		{5CC42F99-B80D-485B-9623-EE2DD59A6EDB}.Debug|Any CPU.ActiveCfg = Debug|Any CPU
		{5CC42F99-B80D-485B-9623-EE2DD59A6EDB}.Debug|Any CPU.Build.0 = Debug|Any CPU
		{5CC42F99-B80D-485B-9623-EE2DD59A6EDB}.Release|Any CPU.ActiveCfg = Release|Any CPU
		{5CC42F99-B80D-485B-9623-EE2DD59A6EDB}.Release|Any CPU.Build.0 = Release|Any CPU
	EndGlobalSection
	GlobalSection(SolutionProperties) = preSolution
		HideSolutionNode = FALSE
	EndGlobalSection
EndGlobal
